
Microsoft Visual Studio Solution File, Format Version 12.00
# Visual Studio Version 17
VisualStudioVersion = 17.2.32630.192
MinimumVisualStudioVersion = 10.0.40219.1
Project("{FAE04EC0-301F-11D3-BF4B-00C04F79EFBC}") = "SelectionStatementExercise", "SelectionStatementExercise\SelectionStatementExercise.csproj", "{45895108-4B23-46D1-B29F-FB2FAB839204}"
EndProject
Global
	GlobalSection(SolutionConfigurationPlatforms) = preSolution
		Debug|Any CPU = Debug|Any CPU
		Release|Any CPU = Release|Any CPU
	EndGlobalSection
	GlobalSection(ProjectConfigurationPlatforms) = postSolution
		{45895108-4B23-46D1-B29F-FB2FAB839204}.Debug|Any CPU.ActiveCfg = Debug|Any CPU
		{45895108-4B23-46D1-B29F-FB2FAB839204}.Debug|Any CPU.Build.0 = Debug|Any CPU
		{45895108-4B23-46D1-B29F-FB2FAB839204}.Release|Any CPU.ActiveCfg = Release|Any CPU
		{45895108-4B23-46D1-B29F-FB2FAB839204}.Release|Any CPU.Build.0 = Release|Any CPU
	EndGlobalSection
	GlobalSection(SolutionProperties) = preSolution
		HideSolutionNode = FALSE
	EndGlobalSection
	GlobalSection(ExtensibilityGlobals) = postSolution
		SolutionGuid = {EEB342FE-112E-4E9C-8720-7E3C31CCAB43}
	EndGlobalSection
EndGlobal
